
Microsoft Visual Studio Solution File, Format Version 12.00
# Visual Studio Version 17
VisualStudioVersion = 17.0.31903.59
MinimumVisualStudioVersion = 10.0.40219.1
Project("{FAE04EC0-301F-11D3-BF4B-00C04F79EFBC}") = "stackoverflowapp", "stackoverflowapp\stackoverflowapp.csproj", "{ED388D72-EA72-42DF-9C15-0100E44E6AAF}"
EndProject
Global
	GlobalSection(SolutionConfigurationPlatforms) = preSolution
		Debug|Any CPU = Debug|Any CPU
		Release|Any CPU = Release|Any CPU
	EndGlobalSection
	GlobalSection(SolutionProperties) = preSolution
		HideSolutionNode = FALSE
	EndGlobalSection
	GlobalSection(ProjectConfigurationPlatforms) = postSolution
		{ED388D72-EA72-42DF-9C15-0100E44E6AAF}.Debug|Any CPU.ActiveCfg = Debug|Any CPU
		{ED388D72-EA72-42DF-9C15-0100E44E6AAF}.Debug|Any CPU.Build.0 = Debug|Any CPU
		{ED388D72-EA72-42DF-9C15-0100E44E6AAF}.Release|Any CPU.ActiveCfg = Release|Any CPU
		{ED388D72-EA72-42DF-9C15-0100E44E6AAF}.Release|Any CPU.Build.0 = Release|Any CPU
	EndGlobalSection
EndGlobal
